
Microsoft Visual Studio Solution File, Format Version 12.00
# Visual Studio Version 17
VisualStudioVersion = 17.5.002.0
MinimumVisualStudioVersion = 10.0.40219.1
Project("{9A19103F-16F7-4668-BE54-9A1E7A4F7556}") = "3_Seminar", "3_Seminar.csproj", "{0C88C370-16C8-4938-80D8-7FF54C9A0890}"
EndProject
Global
	GlobalSection(SolutionConfigurationPlatforms) = preSolution
		Debug|Any CPU = Debug|Any CPU
		Release|Any CPU = Release|Any CPU
	EndGlobalSection
	GlobalSection(ProjectConfigurationPlatforms) = postSolution
		{0C88C370-16C8-4938-80D8-7FF54C9A0890}.Debug|Any CPU.ActiveCfg = Debug|Any CPU
		{0C88C370-16C8-4938-80D8-7FF54C9A0890}.Debug|Any CPU.Build.0 = Debug|Any CPU
		{0C88C370-16C8-4938-80D8-7FF54C9A0890}.Release|Any CPU.ActiveCfg = Release|Any CPU
		{0C88C370-16C8-4938-80D8-7FF54C9A0890}.Release|Any CPU.Build.0 = Release|Any CPU
	EndGlobalSection
	GlobalSection(SolutionProperties) = preSolution
		HideSolutionNode = FALSE
	EndGlobalSection
	GlobalSection(ExtensibilityGlobals) = postSolution
		SolutionGuid = {B33482B3-6A53-4472-A6D2-76E1ABD45ED5}
	EndGlobalSection
EndGlobal
